
Microsoft Visual Studio Solution File, Format Version 12.00
# Visual Studio Version 16
VisualStudioVersion = 16.0.31702.278
MinimumVisualStudioVersion = 10.0.40219.1
Project("{FAE04EC0-301F-11D3-BF4B-00C04F79EFBC}") = "Negozio_smartphone", "Negozio_smartphone\Negozio_smartphone.csproj", "{15629DD4-FCE4-4555-A73A-159AAE4E1CB0}"
EndProject
Global
	GlobalSection(SolutionConfigurationPlatforms) = preSolution
		Debug|Any CPU = Debug|Any CPU
		Release|Any CPU = Release|Any CPU
	EndGlobalSection
	GlobalSection(ProjectConfigurationPlatforms) = postSolution
		{15629DD4-FCE4-4555-A73A-159AAE4E1CB0}.Debug|Any CPU.ActiveCfg = Debug|Any CPU
		{15629DD4-FCE4-4555-A73A-159AAE4E1CB0}.Debug|Any CPU.Build.0 = Debug|Any CPU
		{15629DD4-FCE4-4555-A73A-159AAE4E1CB0}.Release|Any CPU.ActiveCfg = Release|Any CPU
		{15629DD4-FCE4-4555-A73A-159AAE4E1CB0}.Release|Any CPU.Build.0 = Release|Any CPU
	EndGlobalSection
	GlobalSection(SolutionProperties) = preSolution
		HideSolutionNode = FALSE
	EndGlobalSection
	GlobalSection(ExtensibilityGlobals) = postSolution
		SolutionGuid = {E490D0D6-5C50-4B6E-809F-CFBFA28F8809}
	EndGlobalSection
EndGlobal
